
Microsoft Visual Studio Solution File, Format Version 12.00
# Visual Studio 15
VisualStudioVersion = 15.0.27428.1
MinimumVisualStudioVersion = 10.0.40219.1
Project("{FAE04EC0-301F-11D3-BF4B-00C04F79EFBC}") = "LeskivSharp04", "LeskivSharp04\LeskivSharp04.csproj", "{38A7C2EC-6249-4EB6-B558-8B1C4ED9A07B}"
EndProject
Global
	GlobalSection(SolutionConfigurationPlatforms) = preSolution
		Debug|Any CPU = Debug|Any CPU
		Release|Any CPU = Release|Any CPU
	EndGlobalSection
	GlobalSection(ProjectConfigurationPlatforms) = postSolution
		{38A7C2EC-6249-4EB6-B558-8B1C4ED9A07B}.Debug|Any CPU.ActiveCfg = Debug|Any CPU
		{38A7C2EC-6249-4EB6-B558-8B1C4ED9A07B}.Debug|Any CPU.Build.0 = Debug|Any CPU
		{38A7C2EC-6249-4EB6-B558-8B1C4ED9A07B}.Release|Any CPU.ActiveCfg = Release|Any CPU
		{38A7C2EC-6249-4EB6-B558-8B1C4ED9A07B}.Release|Any CPU.Build.0 = Release|Any CPU
	EndGlobalSection
	GlobalSection(SolutionProperties) = preSolution
		HideSolutionNode = FALSE
	EndGlobalSection
	GlobalSection(ExtensibilityGlobals) = postSolution
		SolutionGuid = {35158AF6-864F-457B-9BB7-5E57620DA5AE}
	EndGlobalSection
EndGlobal
